{
  "pins" : [
    {
      "identity" : "floatingpanel",
      "kind" : "remoteSourceControl",
      "location" : "https://github.com/scenee/FloatingPanel.git",
      "state" : {
        "branch" : "master",
        "revision" : "d3c30b35d9794b7f8e308924fd7acfb1d278513d"
      }
    },
    {
      "identity" : "rxdatasources",
      "kind" : "remoteSourceControl",
      "location" : "https://github.com/RxSwiftCommunity/RxDataSources.git",
      "state" : {
        "revision" : "90c29b48b628479097fe775ed1966d75ac374518",
        "version" : "5.0.2"
      }
    },
    {
      "identity" : "rxfeedback.swift",
      "kind" : "remoteSourceControl",
      "location" : "https://github.com/NoTests/RxFeedback.swift.git",
      "state" : {
        "revision" : "aa8384081a14af8fb389245fce2eba5776a96d0b",
        "version" : "4.0.0"
      }
    },
    {
      "identity" : "rxswift",
      "kind" : "remoteSourceControl",
      "location" : "https://github.com/ReactiveX/RxSwift.git",
      "state" : {
        "revision" : "b4307ba0b6425c0ba4178e138799946c3da594f8",
        "version" : "6.5.0"
      }
    }
  ],
  "version" : 2
}
